{
  "name": "marking-codes",
  "version": "0.0.3",
  "lockfileVersion": 1,
  "requires": true,
  "dependencies": {
    "@skazska/base36-utils": {
      "version": "0.0.1",
      "resolved": "https://registry.npmjs.org/@skazska/base36-utils/-/base36-utils-0.0.1.tgz",
      "integrity": "sha512-sfcLwAHdjgygnBYnPzyb/JIPaDcRgQWI0ErhmwamtPMOlfKyd0N14dbIYDI36/E+qMa1cEGTdgNCoSIjqRSIkg=="
    },
    "@skazska/nano-dsa": {
      "version": "0.1.1",
      "resolved": "https://registry.npmjs.org/@skazska/nano-dsa/-/nano-dsa-0.1.1.tgz",
      "integrity": "sha512-ktz3Nirsa8adSBN5df+YOJm0fv++Gn8eKw4CiswJzSG1LS22f7H1eSN8rCigoNt33fZrC0LSatbTWLK3pZp3wA=="
    }
  }
}
