{
  "name": "@skazska/marking-codes",
  "version": "0.0.3",
  "lockfileVersion": 1,
  "requires": true,
  "dependencies": {
    "@skazska/base36-utils": {
      "version": "0.0.1",
      "resolved": "https://registry.npmjs.org/@skazska/base36-utils/-/base36-utils-0.0.1.tgz",
      "integrity": "sha512-sfcLwAHdjgygnBYnPzyb/JIPaDcRgQWI0ErhmwamtPMOlfKyd0N14dbIYDI36/E+qMa1cEGTdgNCoSIjqRSIkg=="
    },
    "@skazska/nano-dsa": {
      "version": "0.1.2",
      "resolved": "https://registry.npmjs.org/@skazska/nano-dsa/-/nano-dsa-0.1.2.tgz",
      "integrity": "sha512-cwRgp1n1DB4vKE6tbaTw9EvV5YnxKoiu3pHHkORPNGxKiZUHJSdKlbW3R0Rgo+tSP3Q69LKjv0GBahPo8sFmsg=="
    }
  }
}
